
Microsoft Visual Studio Solution File, Format Version 12.00
# Visual Studio Version 16
VisualStudioVersion = 16.0.30320.27
MinimumVisualStudioVersion = 10.0.40219.1
Project("{FAE04EC0-301F-11D3-BF4B-00C04F79EFBC}") = "Calendar_App", "Calendar_App\Calendar_App.csproj", "{EE37183E-8718-4BA4-9838-8CC8AAA029DD}"
EndProject
Global
	GlobalSection(SolutionConfigurationPlatforms) = preSolution
		Debug|Any CPU = Debug|Any CPU
		Release|Any CPU = Release|Any CPU
	EndGlobalSection
	GlobalSection(ProjectConfigurationPlatforms) = postSolution
		{EE37183E-8718-4BA4-9838-8CC8AAA029DD}.Debug|Any CPU.ActiveCfg = Debug|Any CPU
		{EE37183E-8718-4BA4-9838-8CC8AAA029DD}.Debug|Any CPU.Build.0 = Debug|Any CPU
		{EE37183E-8718-4BA4-9838-8CC8AAA029DD}.Release|Any CPU.ActiveCfg = Release|Any CPU
		{EE37183E-8718-4BA4-9838-8CC8AAA029DD}.Release|Any CPU.Build.0 = Release|Any CPU
	EndGlobalSection
	GlobalSection(SolutionProperties) = preSolution
		HideSolutionNode = FALSE
	EndGlobalSection
	GlobalSection(ExtensibilityGlobals) = postSolution
		SolutionGuid = {97C77ED2-83E4-4D2D-880A-F530479B2EF0}
	EndGlobalSection
EndGlobal
